# Zum Einfuegen in Lunasans.MovieShelf.locale.en-US.yaml im winget-pkgs-PR.
# Voraussetzung: ManifestVersion dort auf mindestens 1.6.0 setzen.
#
# Die URL zeigt fest auf v0.24.0 - dieses Tag enthaelt packaging/winget/icon-256.png.
# Nicht auf "main" umstellen, Raw-URLs auf main aendern sich. Wird das Icon neu
# erzeugt, muessen Tag und IconSha256 gemeinsam nachgezogen werden, sonst schlaegt
# die Validierung in winget-pkgs fehl.

Icons:
  - IconUrl: https://raw.githubusercontent.com/lunasans/movieshelf-desktop/v0.24.0/packaging/winget/icon-256.png
    IconFileType: png
    IconResolution: '256x256'
    IconTheme: default
    IconSha256: 48E663B4E048E1BB825ABA5B4A234F248BA1DA5B9911272837BBB34D3380E364
